// !$*UTF8*$!
{
	archiveVersion = 1;
	classes = {
	};
	objectVersion = 48;
	objects = {

/* Begin PBXBuildFile section */
		2441BBBD200F388600937F2D /* STKouyuEngine.framework in Frameworks */ = {isa = PBXBuildFile; fileRef = 2441BBB3200F388600937F2D /* STKouyuEngine.framework */; };
		2441BBC2200F388600937F2D /* STKouyuEngineTests.m in Sources */ = {isa = PBXBuildFile; fileRef = 2441BBC1200F388600937F2D /* STKouyuEngineTests.m */; };
		2441BBC4200F388600937F2D /* STKouyuEngine.h in Headers */ = {isa = PBXBuildFile; fileRef = 2441BBB6200F388600937F2D /* STKouyuEngine.h */; settings = {ATTRIBUTES = (Public, ); }; };
		2441BBDB200F392700937F2D /* skegn.h in Headers */ = {isa = PBXBuildFile; fileRef = 2441BBCD200F392700937F2D /* skegn.h */; };
		2441BBDC200F392700937F2D /* KYPlayer.h in Headers */ = {isa = PBXBuildFile; fileRef = 2441BBCF200F392700937F2D /* KYPlayer.h */; };
		2441BBDD200F392700937F2D /* KYPlayer.m in Sources */ = {isa = PBXBuildFile; fileRef = 2441BBD0200F392700937F2D /* KYPlayer.m */; };
		2441BBDE200F392700937F2D /* KYRecorder.h in Headers */ = {isa = PBXBuildFile; fileRef = 2441BBD1200F392700937F2D /* KYRecorder.h */; };
		2441BBDF200F392700937F2D /* KYRecorder.m in Sources */ = {isa = PBXBuildFile; fileRef = 2441BBD2200F392700937F2D /* KYRecorder.m */; };
		2441BBE0200F392700937F2D /* KYWavHeader.h in Headers */ = {isa = PBXBuildFile; fileRef = 2441BBD3200F392700937F2D /* KYWavHeader.h */; };
		2441BBE1200F392700937F2D /* KYStartEngineConfig.h in Headers */ = {isa = PBXBuildFile; fileRef = 2441BBD5200F392700937F2D /* KYStartEngineConfig.h */; settings = {ATTRIBUTES = (Public, ); }; };
		2441BBE2200F392700937F2D /* KYStartEngineConfig.m in Sources */ = {isa = PBXBuildFile; fileRef = 2441BBD6200F392700937F2D /* KYStartEngineConfig.m */; };
		2441BBE3200F392700937F2D /* KYTestConfig.h in Headers */ = {isa = PBXBuildFile; fileRef = 2441BBD7200F392700937F2D /* KYTestConfig.h */; settings = {ATTRIBUTES = (Public, ); }; };
		2441BBE4200F392700937F2D /* KYTestConfig.m in Sources */ = {isa = PBXBuildFile; fileRef = 2441BBD8200F392700937F2D /* KYTestConfig.m */; };
		2441BBE5200F392700937F2D /* KYTestEngine.h in Headers */ = {isa = PBXBuildFile; fileRef = 2441BBD9200F392700937F2D /* KYTestEngine.h */; settings = {ATTRIBUTES = (Public, ); }; };
		2441BBE6200F392700937F2D /* KYTestEngine.m in Sources */ = {isa = PBXBuildFile; fileRef = 2441BBDA200F392700937F2D /* KYTestEngine.m */; };
		2443239A205B5C3700576E69 /* KYNativeAudio.h in Headers */ = {isa = PBXBuildFile; fileRef = 24432398205B5C3600576E69 /* KYNativeAudio.h */; };
		2443239B205B5C3700576E69 /* KYNativeAudio.m in Sources */ = {isa = PBXBuildFile; fileRef = 24432399205B5C3700576E69 /* KYNativeAudio.m */; };
/* End PBXBuildFile section */

/* Begin PBXContainerItemProxy section */
		2441BBBE200F388600937F2D /* PBXContainerItemProxy */ = {
			isa = PBXContainerItemProxy;
			containerPortal = 2441BBAA200F388600937F2D /* Project object */;
			proxyType = 1;
			remoteGlobalIDString = 2441BBB2200F388600937F2D;
			remoteInfo = STKouyuEngine;
		};
/* End PBXContainerItemProxy section */

/* Begin PBXFileReference section */
		2441BBB3200F388600937F2D /* STKouyuEngine.framework */ = {isa = PBXFileReference; explicitFileType = wrapper.framework; includeInIndex = 0; path = STKouyuEngine.framework; sourceTree = BUILT_PRODUCTS_DIR; };
		2441BBB6200F388600937F2D /* STKouyuEngine.h */ = {isa = PBXFileReference; lastKnownFileType = sourcecode.c.h; path = STKouyuEngine.h; sourceTree = "<group>"; };
		2441BBB7200F388600937F2D /* Info.plist */ = {isa = PBXFileReference; lastKnownFileType = text.plist.xml; path = Info.plist; sourceTree = "<group>"; };
		2441BBBC200F388600937F2D /* STKouyuEngineTests.xctest */ = {isa = PBXFileReference; explicitFileType = wrapper.cfbundle; includeInIndex = 0; path = STKouyuEngineTests.xctest; sourceTree = BUILT_PRODUCTS_DIR; };
		2441BBC1200F388600937F2D /* STKouyuEngineTests.m */ = {isa = PBXFileReference; lastKnownFileType = sourcecode.c.objc; path = STKouyuEngineTests.m; sourceTree = "<group>"; };
		2441BBC3200F388600937F2D /* Info.plist */ = {isa = PBXFileReference; lastKnownFileType = text.plist.xml; path = Info.plist; sourceTree = "<group>"; };
		2441BBCD200F392700937F2D /* skegn.h */ = {isa = PBXFileReference; fileEncoding = 4; lastKnownFileType = sourcecode.c.h; path = skegn.h; sourceTree = "<group>"; };
		2441BBCF200F392700937F2D /* KYPlayer.h */ = {isa = PBXFileReference; fileEncoding = 4; lastKnownFileType = sourcecode.c.h; path = KYPlayer.h; sourceTree = "<group>"; };
		2441BBD0200F392700937F2D /* KYPlayer.m */ = {isa = PBXFileReference; fileEncoding = 4; lastKnownFileType = sourcecode.c.objc; path = KYPlayer.m; sourceTree = "<group>"; };
		2441BBD1200F392700937F2D /* KYRecorder.h */ = {isa = PBXFileReference; fileEncoding = 4; lastKnownFileType = sourcecode.c.h; path = KYRecorder.h; sourceTree = "<group>"; };
		2441BBD2200F392700937F2D /* KYRecorder.m */ = {isa = PBXFileReference; fileEncoding = 4; lastKnownFileType = sourcecode.c.objc; path = KYRecorder.m; sourceTree = "<group>"; };
		2441BBD3200F392700937F2D /* KYWavHeader.h */ = {isa = PBXFileReference; fileEncoding = 4; lastKnownFileType = sourcecode.c.h; path = KYWavHeader.h; sourceTree = "<group>"; };
		2441BBD5200F392700937F2D /* KYStartEngineConfig.h */ = {isa = PBXFileReference; fileEncoding = 4; lastKnownFileType = sourcecode.c.h; path = KYStartEngineConfig.h; sourceTree = "<group>"; };
		2441BBD6200F392700937F2D /* KYStartEngineConfig.m */ = {isa = PBXFileReference; fileEncoding = 4; lastKnownFileType = sourcecode.c.objc; path = KYStartEngineConfig.m; sourceTree = "<group>"; };
		2441BBD7200F392700937F2D /* KYTestConfig.h */ = {isa = PBXFileReference; fileEncoding = 4; lastKnownFileType = sourcecode.c.h; path = KYTestConfig.h; sourceTree = "<group>"; };
		2441BBD8200F392700937F2D /* KYTestConfig.m */ = {isa = PBXFileReference; fileEncoding = 4; lastKnownFileType = sourcecode.c.objc; path = KYTestConfig.m; sourceTree = "<group>"; };
		2441BBD9200F392700937F2D /* KYTestEngine.h */ = {isa = PBXFileReference; fileEncoding = 4; lastKnownFileType = sourcecode.c.h; path = KYTestEngine.h; sourceTree = "<group>"; };
		2441BBDA200F392700937F2D /* KYTestEngine.m */ = {isa = PBXFileReference; fileEncoding = 4; lastKnownFileType = sourcecode.c.objc; path = KYTestEngine.m; sourceTree = "<group>"; };
		24432398205B5C3600576E69 /* KYNativeAudio.h */ = {isa = PBXFileReference; fileEncoding = 4; lastKnownFileType = sourcecode.c.h; path = KYNativeAudio.h; sourceTree = "<group>"; };
		24432399205B5C3700576E69 /* KYNativeAudio.m */ = {isa = PBXFileReference; fileEncoding = 4; lastKnownFileType = sourcecode.c.objc; path = KYNativeAudio.m; sourceTree = "<group>"; };
/* End PBXFileReference section */

/* Begin PBXFrameworksBuildPhase section */
		2441BBAF200F388600937F2D /* Frameworks */ = {
			isa = PBXFrameworksBuildPhase;
			buildActionMask = 2147483647;
			files = (
			);
			runOnlyForDeploymentPostprocessing = 0;
		};
		2441BBB9200F388600937F2D /* Frameworks */ = {
			isa = PBXFrameworksBuildPhase;
			buildActionMask = 2147483647;
			files = (
				2441BBBD200F388600937F2D /* STKouyuEngine.framework in Frameworks */,
			);
			runOnlyForDeploymentPostprocessing = 0;
		};
/* End PBXFrameworksBuildPhase section */

/* Begin PBXGroup section */
		2441BBA9200F388600937F2D = {
			isa = PBXGroup;
			children = (
				2441BBB5200F388600937F2D /* STKouyuEngine */,
				2441BBC0200F388600937F2D /* STKouyuEngineTests */,
				2441BBB4200F388600937F2D /* Products */,
				2441BBE8200F3D5A00937F2D /* Frameworks */,
			);
			sourceTree = "<group>";
		};
		2441BBB4200F388600937F2D /* Products */ = {
			isa = PBXGroup;
			children = (
				2441BBB3200F388600937F2D /* STKouyuEngine.framework */,
				2441BBBC200F388600937F2D /* STKouyuEngineTests.xctest */,
			);
			name = Products;
			sourceTree = "<group>";
		};
		2441BBB5200F388600937F2D /* STKouyuEngine */ = {
			isa = PBXGroup;
			children = (
				2441BBB6200F388600937F2D /* STKouyuEngine.h */,
				2441BBD4200F392700937F2D /* KYEngine */,
				2441BBCE200F392700937F2D /* KYAudio */,
				2441BBCD200F392700937F2D /* skegn.h */,
				2441BBB7200F388600937F2D /* Info.plist */,
			);
			path = STKouyuEngine;
			sourceTree = "<group>";
		};
		2441BBC0200F388600937F2D /* STKouyuEngineTests */ = {
			isa = PBXGroup;
			children = (
				2441BBC1200F388600937F2D /* STKouyuEngineTests.m */,
				2441BBC3200F388600937F2D /* Info.plist */,
			);
			path = STKouyuEngineTests;
			sourceTree = "<group>";
		};
		2441BBCE200F392700937F2D /* KYAudio */ = {
			isa = PBXGroup;
			children = (
				2441BBCF200F392700937F2D /* KYPlayer.h */,
				2441BBD0200F392700937F2D /* KYPlayer.m */,
				2441BBD1200F392700937F2D /* KYRecorder.h */,
				2441BBD2200F392700937F2D /* KYRecorder.m */,
				24432398205B5C3600576E69 /* KYNativeAudio.h */,
				24432399205B5C3700576E69 /* KYNativeAudio.m */,
				2441BBD3200F392700937F2D /* KYWavHeader.h */,
			);
			path = KYAudio;
			sourceTree = "<group>";
		};
		2441BBD4200F392700937F2D /* KYEngine */ = {
			isa = PBXGroup;
			children = (
				2441BBD9200F392700937F2D /* KYTestEngine.h */,
				2441BBDA200F392700937F2D /* KYTestEngine.m */,
				2441BBD5200F392700937F2D /* KYStartEngineConfig.h */,
				2441BBD6200F392700937F2D /* KYStartEngineConfig.m */,
				2441BBD7200F392700937F2D /* KYTestConfig.h */,
				2441BBD8200F392700937F2D /* KYTestConfig.m */,
			);
			path = KYEngine;
			sourceTree = "<group>";
		};
		2441BBE8200F3D5A00937F2D /* Frameworks */ = {
			isa = PBXGroup;
			children = (
			);
			name = Frameworks;
			sourceTree = "<group>";
		};
/* End PBXGroup section */

/* Begin PBXHeadersBuildPhase section */
		2441BBB0200F388600937F2D /* Headers */ = {
			isa = PBXHeadersBuildPhase;
			buildActionMask = 2147483647;
			files = (
				2443239A205B5C3700576E69 /* KYNativeAudio.h in Headers */,
				2441BBC4200F388600937F2D /* STKouyuEngine.h in Headers */,
				2441BBDE200F392700937F2D /* KYRecorder.h in Headers */,
				2441BBE5200F392700937F2D /* KYTestEngine.h in Headers */,
				2441BBE3200F392700937F2D /* KYTestConfig.h in Headers */,
				2441BBE1200F392700937F2D /* KYStartEngineConfig.h in Headers */,
				2441BBDC200F392700937F2D /* KYPlayer.h in Headers */,
				2441BBE0200F392700937F2D /* KYWavHeader.h in Headers */,
				2441BBDB200F392700937F2D /* skegn.h in Headers */,
			);
			runOnlyForDeploymentPostprocessing = 0;
		};
/* End PBXHeadersBuildPhase section */

/* Begin PBXNativeTarget section */
		2441BBB2200F388600937F2D /* STKouyuEngine */ = {
			isa = PBXNativeTarget;
			buildConfigurationList = 2441BBC7200F388600937F2D /* Build configuration list for PBXNativeTarget "STKouyuEngine" */;
			buildPhases = (
				2441BBAE200F388600937F2D /* Sources */,
				2441BBAF200F388600937F2D /* Frameworks */,
				2441BBB0200F388600937F2D /* Headers */,
				2441BBB1200F388600937F2D /* Resources */,
			);
			buildRules = (
			);
			dependencies = (
			);
			name = STKouyuEngine;
			productName = STKouyuEngine;
			productReference = 2441BBB3200F388600937F2D /* STKouyuEngine.framework */;
			productType = "com.apple.product-type.framework";
		};
		2441BBBB200F388600937F2D /* STKouyuEngineTests */ = {
			isa = PBXNativeTarget;
			buildConfigurationList = 2441BBCA200F388600937F2D /* Build configuration list for PBXNativeTarget "STKouyuEngineTests" */;
			buildPhases = (
				2441BBB8200F388600937F2D /* Sources */,
				2441BBB9200F388600937F2D /* Frameworks */,
				2441BBBA200F388600937F2D /* Resources */,
			);
			buildRules = (
			);
			dependencies = (
				2441BBBF200F388600937F2D /* PBXTargetDependency */,
			);
			name = STKouyuEngineTests;
			productName = STKouyuEngineTests;
			productReference = 2441BBBC200F388600937F2D /* STKouyuEngineTests.xctest */;
			productType = "com.apple.product-type.bundle.unit-test";
		};
/* End PBXNativeTarget section */

/* Begin PBXProject section */
		2441BBAA200F388600937F2D /* Project object */ = {
			isa = PBXProject;
			attributes = {
				LastUpgradeCheck = 0920;
				ORGANIZATIONNAME = Attu;
				TargetAttributes = {
					2441BBB2200F388600937F2D = {
						CreatedOnToolsVersion = 9.2;
						ProvisioningStyle = Automatic;
					};
					2441BBBB200F388600937F2D = {
						CreatedOnToolsVersion = 9.2;
						ProvisioningStyle = Automatic;
					};
				};
			};
			buildConfigurationList = 2441BBAD200F388600937F2D /* Build configuration list for PBXProject "STKouyuEngine" */;
			compatibilityVersion = "Xcode 8.0";
			developmentRegion = en;
			hasScannedForEncodings = 0;
			knownRegions = (
				en,
			);
			mainGroup = 2441BBA9200F388600937F2D;
			productRefGroup = 2441BBB4200F388600937F2D /* Products */;
			projectDirPath = "";
			projectRoot = "";
			targets = (
				2441BBB2200F388600937F2D /* STKouyuEngine */,
				2441BBBB200F388600937F2D /* STKouyuEngineTests */,
			);
		};
/* End PBXProject section */

/* Begin PBXResourcesBuildPhase section */
		2441BBB1200F388600937F2D /* Resources */ = {
			isa = PBXResourcesBuildPhase;
			buildActionMask = 2147483647;
			files = (
			);
			runOnlyForDeploymentPostprocessing = 0;
		};
		2441BBBA200F388600937F2D /* Resources */ = {
			isa = PBXResourcesBuildPhase;
			buildActionMask = 2147483647;
			files = (
			);
			runOnlyForDeploymentPostprocessing = 0;
		};
/* End PBXResourcesBuildPhase section */

/* Begin PBXSourcesBuildPhase section */
		2441BBAE200F388600937F2D /* Sources */ = {
			isa = PBXSourcesBuildPhase;
			buildActionMask = 2147483647;
			files = (
				2441BBDD200F392700937F2D /* KYPlayer.m in Sources */,
				2441BBE2200F392700937F2D /* KYStartEngineConfig.m in Sources */,
				2441BBDF200F392700937F2D /* KYRecorder.m in Sources */,
				2443239B205B5C3700576E69 /* KYNativeAudio.m in Sources */,
				2441BBE4200F392700937F2D /* KYTestConfig.m in Sources */,
				2441BBE6200F392700937F2D /* KYTestEngine.m in Sources */,
			);
			runOnlyForDeploymentPostprocessing = 0;
		};
		2441BBB8200F388600937F2D /* Sources */ = {
			isa = PBXSourcesBuildPhase;
			buildActionMask = 2147483647;
			files = (
				2441BBC2200F388600937F2D /* STKouyuEngineTests.m in Sources */,
			);
			runOnlyForDeploymentPostprocessing = 0;
		};
/* End PBXSourcesBuildPhase section */

/* Begin PBXTargetDependency section */
		2441BBBF200F388600937F2D /* PBXTargetDependency */ = {
			isa = PBXTargetDependency;
			target = 2441BBB2200F388600937F2D /* STKouyuEngine */;
			targetProxy = 2441BBBE200F388600937F2D /* PBXContainerItemProxy */;
		};
/* End PBXTargetDependency section */

/* Begin XCBuildConfiguration section */
		2441BBC5200F388600937F2D /* Debug */ = {
			isa = XCBuildConfiguration;
			buildSettings = {
				ALWAYS_SEARCH_USER_PATHS = NO;
				CLANG_ANALYZER_NONNULL = YES;
				CLANG_ANALYZER_NUMBER_OBJECT_CONVERSION = YES_AGGRESSIVE;
				CLANG_CXX_LANGUAGE_STANDARD = "gnu++14";
				CLANG_CXX_LIBRARY = "libc++";
				CLANG_ENABLE_MODULES = YES;
				CLANG_ENABLE_OBJC_ARC = YES;
				CLANG_WARN_BLOCK_CAPTURE_AUTORELEASING = YES;
				CLANG_WARN_BOOL_CONVERSION = YES;
				CLANG_WARN_COMMA = YES;
				CLANG_WARN_CONSTANT_CONVERSION = YES;
				CLANG_WARN_DIRECT_OBJC_ISA_USAGE = YES_ERROR;
				CLANG_WARN_DOCUMENTATION_COMMENTS = YES;
				CLANG_WARN_EMPTY_BODY = YES;
				CLANG_WARN_ENUM_CONVERSION = YES;
				CLANG_WARN_INFINITE_RECURSION = YES;
				CLANG_WARN_INT_CONVERSION = YES;
				CLANG_WARN_NON_LITERAL_NULL_CONVERSION = YES;
				CLANG_WARN_OBJC_LITERAL_CONVERSION = YES;
				CLANG_WARN_OBJC_ROOT_CLASS = YES_ERROR;
				CLANG_WARN_RANGE_LOOP_ANALYSIS = YES;
				CLANG_WARN_STRICT_PROTOTYPES = YES;
				CLANG_WARN_SUSPICIOUS_MOVE = YES;
				CLANG_WARN_UNGUARDED_AVAILABILITY = YES_AGGRESSIVE;
				CLANG_WARN_UNREACHABLE_CODE = YES;
				CLANG_WARN__DUPLICATE_METHOD_MATCH = YES;
				CODE_SIGN_IDENTITY = "iPhone Developer";
				COPY_PHASE_STRIP = NO;
				CURRENT_PROJECT_VERSION = 1;
				DEBUG_INFORMATION_FORMAT = dwarf;
				ENABLE_STRICT_OBJC_MSGSEND = YES;
				ENABLE_TESTABILITY = YES;
				GCC_C_LANGUAGE_STANDARD = gnu11;
				GCC_DYNAMIC_NO_PIC = NO;
				GCC_NO_COMMON_BLOCKS = YES;
				GCC_OPTIMIZATION_LEVEL = 0;
				GCC_PREPROCESSOR_DEFINITIONS = (
					"DEBUG=1",
					"$(inherited)",
				);
				GCC_WARN_64_TO_32_BIT_CONVERSION = YES;
				GCC_WARN_ABOUT_RETURN_TYPE = YES_ERROR;
				GCC_WARN_UNDECLARED_SELECTOR = YES;
				GCC_WARN_UNINITIALIZED_AUTOS = YES_AGGRESSIVE;
				GCC_WARN_UNUSED_FUNCTION = YES;
				GCC_WARN_UNUSED_VARIABLE = YES;
				IPHONEOS_DEPLOYMENT_TARGET = 11.2;
				MTL_ENABLE_DEBUG_INFO = YES;
				ONLY_ACTIVE_ARCH = YES;
				SDKROOT = iphoneos;
				VERSIONING_SYSTEM = "apple-generic";
				VERSION_INFO_PREFIX = "";
			};
			name = Debug;
		};
		2441BBC6200F388600937F2D /* Release */ = {
			isa = XCBuildConfiguration;
			buildSettings = {
				ALWAYS_SEARCH_USER_PATHS = NO;
				CLANG_ANALYZER_NONNULL = YES;
				CLANG_ANALYZER_NUMBER_OBJECT_CONVERSION = YES_AGGRESSIVE;
				CLANG_CXX_LANGUAGE_STANDARD = "gnu++14";
				CLANG_CXX_LIBRARY = "libc++";
				CLANG_ENABLE_MODULES = YES;
				CLANG_ENABLE_OBJC_ARC = YES;
				CLANG_WARN_BLOCK_CAPTURE_AUTORELEASING = YES;
				CLANG_WARN_BOOL_CONVERSION = YES;
				CLANG_WARN_COMMA = YES;
				CLANG_WARN_CONSTANT_CONVERSION = YES;
				CLANG_WARN_DIRECT_OBJC_ISA_USAGE = YES_ERROR;
				CLANG_WARN_DOCUMENTATION_COMMENTS = YES;
				CLANG_WARN_EMPTY_BODY = YES;
				CLANG_WARN_ENUM_CONVERSION = YES;
				CLANG_WARN_INFINITE_RECURSION = YES;
				CLANG_WARN_INT_CONVERSION = YES;
				CLANG_WARN_NON_LITERAL_NULL_CONVERSION = YES;
				CLANG_WARN_OBJC_LITERAL_CONVERSION = YES;
				CLANG_WARN_OBJC_ROOT_CLASS = YES_ERROR;
				CLANG_WARN_RANGE_LOOP_ANALYSIS = YES;
				CLANG_WARN_STRICT_PROTOTYPES = YES;
				CLANG_WARN_SUSPICIOUS_MOVE = YES;
				CLANG_WARN_UNGUARDED_AVAILABILITY = YES_AGGRESSIVE;
				CLANG_WARN_UNREACHABLE_CODE = YES;
				CLANG_WARN__DUPLICATE_METHOD_MATCH = YES;
				CODE_SIGN_IDENTITY = "iPhone Developer";
				COPY_PHASE_STRIP = NO;
				CURRENT_PROJECT_VERSION = 1;
				DEBUG_INFORMATION_FORMAT = "dwarf-with-dsym";
				ENABLE_NS_ASSERTIONS = NO;
				ENABLE_STRICT_OBJC_MSGSEND = YES;
				GCC_C_LANGUAGE_STANDARD = gnu11;
				GCC_NO_COMMON_BLOCKS = YES;
				GCC_WARN_64_TO_32_BIT_CONVERSION = YES;
				GCC_WARN_ABOUT_RETURN_TYPE = YES_ERROR;
				GCC_WARN_UNDECLARED_SELECTOR = YES;
				GCC_WARN_UNINITIALIZED_AUTOS = YES_AGGRESSIVE;
				GCC_WARN_UNUSED_FUNCTION = YES;
				GCC_WARN_UNUSED_VARIABLE = YES;
				IPHONEOS_DEPLOYMENT_TARGET = 11.2;
				MTL_ENABLE_DEBUG_INFO = NO;
				SDKROOT = iphoneos;
				VALIDATE_PRODUCT = YES;
				VERSIONING_SYSTEM = "apple-generic";
				VERSION_INFO_PREFIX = "";
			};
			name = Release;
		};
		2441BBC8200F388600937F2D /* Debug */ = {
			isa = XCBuildConfiguration;
			buildSettings = {
				ARCHS = (
					"$(ARCHS_STANDARD)",
					armv7s,
				);
				CODE_SIGN_IDENTITY = "";
				CODE_SIGN_STYLE = Automatic;
				DEAD_CODE_STRIPPING = NO;
				DEFINES_MODULE = YES;
				DYLIB_COMPATIBILITY_VERSION = 1;
				DYLIB_CURRENT_VERSION = 1;
				DYLIB_INSTALL_NAME_BASE = "@rpath";
				GCC_PREFIX_HEADER = "";
				INFOPLIST_FILE = STKouyuEngine/Info.plist;
				INSTALL_PATH = "$(LOCAL_LIBRARY_DIR)/Frameworks";
				IPHONEOS_DEPLOYMENT_TARGET = 8.0;
				LD_RUNPATH_SEARCH_PATHS = "$(inherited) @executable_path/Frameworks @loader_path/Frameworks";
				LIBRARY_SEARCH_PATHS = (
					"$(inherited)",
					"$(PROJECT_DIR)/STKouyuEngine/skegn-ios",
				);
				MACH_O_TYPE = staticlib;
				ONLY_ACTIVE_ARCH = NO;
				PRODUCT_BUNDLE_IDENTIFIER = com.17kouyu.STKouyuEngine;
				PRODUCT_NAME = "$(TARGET_NAME:c99extidentifier)";
				SKIP_INSTALL = YES;
				TARGETED_DEVICE_FAMILY = "1,2";
			};
			name = Debug;
		};
		2441BBC9200F388600937F2D /* Release */ = {
			isa = XCBuildConfiguration;
			buildSettings = {
				ARCHS = (
					"$(ARCHS_STANDARD)",
					armv7s,
				);
				CODE_SIGN_IDENTITY = "";
				CODE_SIGN_STYLE = Automatic;
				DEAD_CODE_STRIPPING = NO;
				DEFINES_MODULE = YES;
				DYLIB_COMPATIBILITY_VERSION = 1;
				DYLIB_CURRENT_VERSION = 1;
				DYLIB_INSTALL_NAME_BASE = "@rpath";
				GCC_PREFIX_HEADER = "";
				INFOPLIST_FILE = STKouyuEngine/Info.plist;
				INSTALL_PATH = "$(LOCAL_LIBRARY_DIR)/Frameworks";
				IPHONEOS_DEPLOYMENT_TARGET = 8.0;
				LD_RUNPATH_SEARCH_PATHS = "$(inherited) @executable_path/Frameworks @loader_path/Frameworks";
				LIBRARY_SEARCH_PATHS = (
					"$(inherited)",
					"$(PROJECT_DIR)/STKouyuEngine/skegn-ios",
				);
				MACH_O_TYPE = staticlib;
				PRODUCT_BUNDLE_IDENTIFIER = com.17kouyu.STKouyuEngine;
				PRODUCT_NAME = "$(TARGET_NAME:c99extidentifier)";
				SKIP_INSTALL = YES;
				TARGETED_DEVICE_FAMILY = "1,2";
			};
			name = Release;
		};
		2441BBCB200F388600937F2D /* Debug */ = {
			isa = XCBuildConfiguration;
			buildSettings = {
				CODE_SIGN_STYLE = Automatic;
				INFOPLIST_FILE = STKouyuEngineTests/Info.plist;
				LD_RUNPATH_SEARCH_PATHS = "$(inherited) @executable_path/Frameworks @loader_path/Frameworks";
				PRODUCT_BUNDLE_IDENTIFIER = com.17kouyu.STKouyuEngineTests;
				PRODUCT_NAME = "$(TARGET_NAME)";
				TARGETED_DEVICE_FAMILY = "1,2";
			};
			name = Debug;
		};
		2441BBCC200F388600937F2D /* Release */ = {
			isa = XCBuildConfiguration;
			buildSettings = {
				CODE_SIGN_STYLE = Automatic;
				INFOPLIST_FILE = STKouyuEngineTests/Info.plist;
				LD_RUNPATH_SEARCH_PATHS = "$(inherited) @executable_path/Frameworks @loader_path/Frameworks";
				PRODUCT_BUNDLE_IDENTIFIER = com.17kouyu.STKouyuEngineTests;
				PRODUCT_NAME = "$(TARGET_NAME)";
				TARGETED_DEVICE_FAMILY = "1,2";
			};
			name = Release;
		};
/* End XCBuildConfiguration section */

/* Begin XCConfigurationList section */
		2441BBAD200F388600937F2D /* Build configuration list for PBXProject "STKouyuEngine" */ = {
			isa = XCConfigurationList;
			buildConfigurations = (
				2441BBC5200F388600937F2D /* Debug */,
				2441BBC6200F388600937F2D /* Release */,
			);
			defaultConfigurationIsVisible = 0;
			defaultConfigurationName = Release;
		};
		2441BBC7200F388600937F2D /* Build configuration list for PBXNativeTarget "STKouyuEngine" */ = {
			isa = XCConfigurationList;
			buildConfigurations = (
				2441BBC8200F388600937F2D /* Debug */,
				2441BBC9200F388600937F2D /* Release */,
			);
			defaultConfigurationIsVisible = 0;
			defaultConfigurationName = Release;
		};
		2441BBCA200F388600937F2D /* Build configuration list for PBXNativeTarget "STKouyuEngineTests" */ = {
			isa = XCConfigurationList;
			buildConfigurations = (
				2441BBCB200F388600937F2D /* Debug */,
				2441BBCC200F388600937F2D /* Release */,
			);
			defaultConfigurationIsVisible = 0;
			defaultConfigurationName = Release;
		};
/* End XCConfigurationList section */
	};
	rootObject = 2441BBAA200F388600937F2D /* Project object */;
}
